
Microsoft Visual Studio Solution File, Format Version 12.00
# Visual Studio 15
VisualStudioVersion = 15.0.28307.329
MinimumVisualStudioVersion = 10.0.40219.1
Project("{FAE04EC0-301F-11D3-BF4B-00C04F79EFBC}") = "NewSnake", "NewSnake\NewSnake.csproj", "{B8A1622E-6062-4BF7-8CBB-7B84713A3045}"
EndProject
Global
	GlobalSection(SolutionConfigurationPlatforms) = preSolution
		Debug|Any CPU = Debug|Any CPU
		Release|Any CPU = Release|Any CPU
	EndGlobalSection
	GlobalSection(ProjectConfigurationPlatforms) = postSolution
		{B8A1622E-6062-4BF7-8CBB-7B84713A3045}.Debug|Any CPU.ActiveCfg = Debug|Any CPU
		{B8A1622E-6062-4BF7-8CBB-7B84713A3045}.Debug|Any CPU.Build.0 = Debug|Any CPU
		{B8A1622E-6062-4BF7-8CBB-7B84713A3045}.Release|Any CPU.ActiveCfg = Release|Any CPU
		{B8A1622E-6062-4BF7-8CBB-7B84713A3045}.Release|Any CPU.Build.0 = Release|Any CPU
	EndGlobalSection
	GlobalSection(SolutionProperties) = preSolution
		HideSolutionNode = FALSE
	EndGlobalSection
	GlobalSection(ExtensibilityGlobals) = postSolution
		SolutionGuid = {44DC6411-20BE-4416-A07B-58282014E794}
	EndGlobalSection
EndGlobal
