
Microsoft Visual Studio Solution File, Format Version 12.00
# Visual Studio 15
VisualStudioVersion = 15.0.28307.329
MinimumVisualStudioVersion = 10.0.40219.1
Project("{FAE04EC0-301F-11D3-BF4B-00C04F79EFBC}") = "tsis4_1", "lab3_1\tsis4_1.csproj", "{5D034544-9A95-4E86-94A4-3AAC22208B83}"
EndProject
Global
	GlobalSection(SolutionConfigurationPlatforms) = preSolution
		Debug|Any CPU = Debug|Any CPU
		Release|Any CPU = Release|Any CPU
	EndGlobalSection
	GlobalSection(ProjectConfigurationPlatforms) = postSolution
		{5D034544-9A95-4E86-94A4-3AAC22208B83}.Debug|Any CPU.ActiveCfg = Debug|Any CPU
		{5D034544-9A95-4E86-94A4-3AAC22208B83}.Debug|Any CPU.Build.0 = Debug|Any CPU
		{5D034544-9A95-4E86-94A4-3AAC22208B83}.Release|Any CPU.ActiveCfg = Release|Any CPU
		{5D034544-9A95-4E86-94A4-3AAC22208B83}.Release|Any CPU.Build.0 = Release|Any CPU
	EndGlobalSection
	GlobalSection(SolutionProperties) = preSolution
		HideSolutionNode = FALSE
	EndGlobalSection
	GlobalSection(ExtensibilityGlobals) = postSolution
		SolutionGuid = {47CFE363-9051-43DE-B383-1CFE49AB4E3E}
	EndGlobalSection
EndGlobal
