
Microsoft Visual Studio Solution File, Format Version 12.00
# Visual Studio 15
VisualStudioVersion = 15.0.28307.329
MinimumVisualStudioVersion = 10.0.40219.1
Project("{FAE04EC0-301F-11D3-BF4B-00C04F79EFBC}") = "ForKoreec", "ForKoreec\ForKoreec.csproj", "{06D7B14A-8B60-4FAB-921A-F04C410607EC}"
EndProject
Global
	GlobalSection(SolutionConfigurationPlatforms) = preSolution
		Debug|Any CPU = Debug|Any CPU
		Release|Any CPU = Release|Any CPU
	EndGlobalSection
	GlobalSection(ProjectConfigurationPlatforms) = postSolution
		{06D7B14A-8B60-4FAB-921A-F04C410607EC}.Debug|Any CPU.ActiveCfg = Debug|Any CPU
		{06D7B14A-8B60-4FAB-921A-F04C410607EC}.Debug|Any CPU.Build.0 = Debug|Any CPU
		{06D7B14A-8B60-4FAB-921A-F04C410607EC}.Release|Any CPU.ActiveCfg = Release|Any CPU
		{06D7B14A-8B60-4FAB-921A-F04C410607EC}.Release|Any CPU.Build.0 = Release|Any CPU
	EndGlobalSection
	GlobalSection(SolutionProperties) = preSolution
		HideSolutionNode = FALSE
	EndGlobalSection
	GlobalSection(ExtensibilityGlobals) = postSolution
		SolutionGuid = {5836430B-F388-4482-A33C-EE7830BDD331}
	EndGlobalSection
EndGlobal
