
Microsoft Visual Studio Solution File, Format Version 12.00
# Visual Studio 15
VisualStudioVersion = 15.0.28307.329
MinimumVisualStudioVersion = 10.0.40219.1
Project("{FAE04EC0-301F-11D3-BF4B-00C04F79EFBC}") = "FarManager", "FarManager\FarManager.csproj", "{7A93B93A-334B-41DC-8E3C-2946375D7282}"
EndProject
Global
	GlobalSection(SolutionConfigurationPlatforms) = preSolution
		Debug|Any CPU = Debug|Any CPU
		Release|Any CPU = Release|Any CPU
	EndGlobalSection
	GlobalSection(ProjectConfigurationPlatforms) = postSolution
		{7A93B93A-334B-41DC-8E3C-2946375D7282}.Debug|Any CPU.ActiveCfg = Debug|Any CPU
		{7A93B93A-334B-41DC-8E3C-2946375D7282}.Debug|Any CPU.Build.0 = Debug|Any CPU
		{7A93B93A-334B-41DC-8E3C-2946375D7282}.Release|Any CPU.ActiveCfg = Release|Any CPU
		{7A93B93A-334B-41DC-8E3C-2946375D7282}.Release|Any CPU.Build.0 = Release|Any CPU
	EndGlobalSection
	GlobalSection(SolutionProperties) = preSolution
		HideSolutionNode = FALSE
	EndGlobalSection
	GlobalSection(ExtensibilityGlobals) = postSolution
		SolutionGuid = {6FAA8D94-C274-42EC-A503-82E2F06AB6CD}
	EndGlobalSection
EndGlobal
